
Microsoft Visual Studio Solution File, Format Version 12.00
# Visual Studio Version 17
VisualStudioVersion = 17.0.31912.275
MinimumVisualStudioVersion = 10.0.40219.1
Project("{FAE04EC0-301F-11D3-BF4B-00C04F79EFBC}") = "AudiobookParserApp", "AudiobookParserApp\AudiobookParserApp.csproj", "{0D1C34C8-1CEA-4ED6-B907-025CB0201FD1}"
EndProject
Global
	GlobalSection(SolutionConfigurationPlatforms) = preSolution
		Debug|Any CPU = Debug|Any CPU
		Release|Any CPU = Release|Any CPU
	EndGlobalSection
	GlobalSection(ProjectConfigurationPlatforms) = postSolution
		{0D1C34C8-1CEA-4ED6-B907-025CB0201FD1}.Debug|Any CPU.ActiveCfg = Debug|Any CPU
		{0D1C34C8-1CEA-4ED6-B907-025CB0201FD1}.Debug|Any CPU.Build.0 = Debug|Any CPU
		{0D1C34C8-1CEA-4ED6-B907-025CB0201FD1}.Release|Any CPU.ActiveCfg = Release|Any CPU
		{0D1C34C8-1CEA-4ED6-B907-025CB0201FD1}.Release|Any CPU.Build.0 = Release|Any CPU
	EndGlobalSection
	GlobalSection(SolutionProperties) = preSolution
		HideSolutionNode = FALSE
	EndGlobalSection
	GlobalSection(ExtensibilityGlobals) = postSolution
		SolutionGuid = {B4782104-48FC-4101-9CBD-D1D3FB88967C}
	EndGlobalSection
EndGlobal
